// !$*UTF8*$!
{
	archiveVersion = 1;
	classes = {
	};
	objectVersion = 52;
	objects = {

/* Begin PBXBuildFile section */
		B09691C6260249AE00E6609D /* AppDelegate.swift in Sources */ = {isa = PBXBuildFile; fileRef = B09691C5260249AE00E6609D /* AppDelegate.swift */; };
		B09691C8260249AE00E6609D /* SceneDelegate.swift in Sources */ = {isa = PBXBuildFile; fileRef = B09691C7260249AE00E6609D /* SceneDelegate.swift */; };
		B09691CA260249AE00E6609D /* ViewController.swift in Sources */ = {isa = PBXBuildFile; fileRef = B09691C9260249AE00E6609D /* ViewController.swift */; };
		B09691CD260249AE00E6609D /* Main.storyboard in Resources */ = {isa = PBXBuildFile; fileRef = B09691CB260249AE00E6609D /* Main.storyboard */; };
		B09691CF260249B000E6609D /* Assets.xcassets in Resources */ = {isa = PBXBuildFile; fileRef = B09691CE260249B000E6609D /* Assets.xcassets */; };
		B09691D2260249B000E6609D /* LaunchScreen.storyboard in Resources */ = {isa = PBXBuildFile; fileRef = B09691D0260249B000E6609D /* LaunchScreen.storyboard */; };
		B09691E8260249B000E6609D /* WordsUITests.swift in Sources */ = {isa = PBXBuildFile; fileRef = B09691E7260249B000E6609D /* WordsUITests.swift */; };
		B0D3155726026EBF00311CF5 /* RxSwift in Frameworks */ = {isa = PBXBuildFile; productRef = B0D3155626026EBF00311CF5 /* RxSwift */; };
		B0D3155926026EBF00311CF5 /* RxCocoa in Frameworks */ = {isa = PBXBuildFile; productRef = B0D3155826026EBF00311CF5 /* RxCocoa */; };
		B0D315642602716300311CF5 /* plrabn12.txt in Resources */ = {isa = PBXBuildFile; fileRef = B0D315612602716300311CF5 /* plrabn12.txt */; };
		B0D315652602716300311CF5 /* alice29.txt in Resources */ = {isa = PBXBuildFile; fileRef = B0D315622602716300311CF5 /* alice29.txt */; };
		B0D315662602716300311CF5 /* Nombres.txt in Resources */ = {isa = PBXBuildFile; fileRef = B0D315632602716300311CF5 /* Nombres.txt */; };
		B0D3156C260271A100311CF5 /* FileLoader.swift in Sources */ = {isa = PBXBuildFile; fileRef = B0D3156B260271A100311CF5 /* FileLoader.swift */; };
		B0D315772602744700311CF5 /* FileViewModel.swift in Sources */ = {isa = PBXBuildFile; fileRef = B0D315762602744700311CF5 /* FileViewModel.swift */; };
		B0D3157D260274A000311CF5 /* ViewModelProtocol.swift in Sources */ = {isa = PBXBuildFile; fileRef = B0D3157C260274A000311CF5 /* ViewModelProtocol.swift */; };
		B0D3158926027AB200311CF5 /* FileLoaderTests.swift in Sources */ = {isa = PBXBuildFile; fileRef = B0D3158826027AB200311CF5 /* FileLoaderTests.swift */; };
		B0D3159426027CD800311CF5 /* FileViewModelTests.swift in Sources */ = {isa = PBXBuildFile; fileRef = B0D3159326027CD800311CF5 /* FileViewModelTests.swift */; };
		B0D315A02602B71A00311CF5 /* StringExtension.swift in Sources */ = {isa = PBXBuildFile; fileRef = B0D3159F2602B71A00311CF5 /* StringExtension.swift */; };
		B0D315A52602B73100311CF5 /* Localizable.strings in Resources */ = {isa = PBXBuildFile; fileRef = B0D315A42602B73100311CF5 /* Localizable.strings */; };
/* End PBXBuildFile section */

/* Begin PBXContainerItemProxy section */
		B09691D9260249B000E6609D /* PBXContainerItemProxy */ = {
			isa = PBXContainerItemProxy;
			containerPortal = B09691BA260249AE00E6609D /* Project object */;
			proxyType = 1;
			remoteGlobalIDString = B09691C1260249AE00E6609D;
			remoteInfo = Words;
		};
		B09691E4260249B000E6609D /* PBXContainerItemProxy */ = {
			isa = PBXContainerItemProxy;
			containerPortal = B09691BA260249AE00E6609D /* Project object */;
			proxyType = 1;
			remoteGlobalIDString = B09691C1260249AE00E6609D;
			remoteInfo = Words;
		};
/* End PBXContainerItemProxy section */

/* Begin PBXFileReference section */
		B09691C2260249AE00E6609D /* Words.app */ = {isa = PBXFileReference; explicitFileType = wrapper.application; includeInIndex = 0; path = Words.app; sourceTree = BUILT_PRODUCTS_DIR; };
		B09691C5260249AE00E6609D /* AppDelegate.swift */ = {isa = PBXFileReference; lastKnownFileType = sourcecode.swift; path = AppDelegate.swift; sourceTree = "<group>"; };
		B09691C7260249AE00E6609D /* SceneDelegate.swift */ = {isa = PBXFileReference; lastKnownFileType = sourcecode.swift; path = SceneDelegate.swift; sourceTree = "<group>"; };
		B09691C9260249AE00E6609D /* ViewController.swift */ = {isa = PBXFileReference; lastKnownFileType = sourcecode.swift; path = ViewController.swift; sourceTree = "<group>"; };
		B09691CC260249AE00E6609D /* Base */ = {isa = PBXFileReference; lastKnownFileType = file.storyboard; name = Base; path = Base.lproj/Main.storyboard; sourceTree = "<group>"; };
		B09691CE260249B000E6609D /* Assets.xcassets */ = {isa = PBXFileReference; lastKnownFileType = folder.assetcatalog; path = Assets.xcassets; sourceTree = "<group>"; };
		B09691D1260249B000E6609D /* Base */ = {isa = PBXFileReference; lastKnownFileType = file.storyboard; name = Base; path = Base.lproj/LaunchScreen.storyboard; sourceTree = "<group>"; };
		B09691D3260249B000E6609D /* Info.plist */ = {isa = PBXFileReference; lastKnownFileType = text.plist.xml; path = Info.plist; sourceTree = "<group>"; };
		B09691D8260249B000E6609D /* WordsTests.xctest */ = {isa = PBXFileReference; explicitFileType = wrapper.cfbundle; includeInIndex = 0; path = WordsTests.xctest; sourceTree = BUILT_PRODUCTS_DIR; };
		B09691DE260249B000E6609D /* Info.plist */ = {isa = PBXFileReference; lastKnownFileType = text.plist.xml; path = Info.plist; sourceTree = "<group>"; };
		B09691E3260249B000E6609D /* WordsUITests.xctest */ = {isa = PBXFileReference; explicitFileType = wrapper.cfbundle; includeInIndex = 0; path = WordsUITests.xctest; sourceTree = BUILT_PRODUCTS_DIR; };
		B09691E7260249B000E6609D /* WordsUITests.swift */ = {isa = PBXFileReference; lastKnownFileType = sourcecode.swift; path = WordsUITests.swift; sourceTree = "<group>"; };
		B09691E9260249B000E6609D /* Info.plist */ = {isa = PBXFileReference; lastKnownFileType = text.plist.xml; path = Info.plist; sourceTree = "<group>"; };
		B0D315612602716300311CF5 /* plrabn12.txt */ = {isa = PBXFileReference; fileEncoding = 4; lastKnownFileType = text; path = plrabn12.txt; sourceTree = "<group>"; };
		B0D315622602716300311CF5 /* alice29.txt */ = {isa = PBXFileReference; fileEncoding = 4; lastKnownFileType = text; path = alice29.txt; sourceTree = "<group>"; };
		B0D315632602716300311CF5 /* Nombres.txt */ = {isa = PBXFileReference; fileEncoding = 4; lastKnownFileType = text; path = Nombres.txt; sourceTree = "<group>"; };
		B0D3156B260271A100311CF5 /* FileLoader.swift */ = {isa = PBXFileReference; lastKnownFileType = sourcecode.swift; path = FileLoader.swift; sourceTree = "<group>"; };
		B0D315762602744700311CF5 /* FileViewModel.swift */ = {isa = PBXFileReference; lastKnownFileType = sourcecode.swift; path = FileViewModel.swift; sourceTree = "<group>"; };
		B0D3157C260274A000311CF5 /* ViewModelProtocol.swift */ = {isa = PBXFileReference; lastKnownFileType = sourcecode.swift; path = ViewModelProtocol.swift; sourceTree = "<group>"; };
		B0D3158826027AB200311CF5 /* FileLoaderTests.swift */ = {isa = PBXFileReference; lastKnownFileType = sourcecode.swift; path = FileLoaderTests.swift; sourceTree = "<group>"; };
		B0D3159326027CD800311CF5 /* FileViewModelTests.swift */ = {isa = PBXFileReference; lastKnownFileType = sourcecode.swift; path = FileViewModelTests.swift; sourceTree = "<group>"; };
		B0D3159F2602B71A00311CF5 /* StringExtension.swift */ = {isa = PBXFileReference; lastKnownFileType = sourcecode.swift; path = StringExtension.swift; sourceTree = "<group>"; };
		B0D315A42602B73100311CF5 /* Localizable.strings */ = {isa = PBXFileReference; lastKnownFileType = text.plist.strings; path = Localizable.strings; sourceTree = "<group>"; };
/* End PBXFileReference section */

/* Begin PBXFrameworksBuildPhase section */
		B09691BF260249AE00E6609D /* Frameworks */ = {
			isa = PBXFrameworksBuildPhase;
			buildActionMask = 2147483647;
			files = (
				B0D3155926026EBF00311CF5 /* RxCocoa in Frameworks */,
				B0D3155726026EBF00311CF5 /* RxSwift in Frameworks */,
			);
			runOnlyForDeploymentPostprocessing = 0;
		};
		B09691D5260249B000E6609D /* Frameworks */ = {
			isa = PBXFrameworksBuildPhase;
			buildActionMask = 2147483647;
			files = (
			);
			runOnlyForDeploymentPostprocessing = 0;
		};
		B09691E0260249B000E6609D /* Frameworks */ = {
			isa = PBXFrameworksBuildPhase;
			buildActionMask = 2147483647;
			files = (
			);
			runOnlyForDeploymentPostprocessing = 0;
		};
/* End PBXFrameworksBuildPhase section */

/* Begin PBXGroup section */
		B09691B9260249AE00E6609D = {
			isa = PBXGroup;
			children = (
				B09691C4260249AE00E6609D /* Words */,
				B09691DB260249B000E6609D /* WordsTests */,
				B09691E6260249B000E6609D /* WordsUITests */,
				B09691C3260249AE00E6609D /* Products */,
			);
			sourceTree = "<group>";
		};
		B09691C3260249AE00E6609D /* Products */ = {
			isa = PBXGroup;
			children = (
				B09691C2260249AE00E6609D /* Words.app */,
				B09691D8260249B000E6609D /* WordsTests.xctest */,
				B09691E3260249B000E6609D /* WordsUITests.xctest */,
			);
			name = Products;
			sourceTree = "<group>";
		};
		B09691C4260249AE00E6609D /* Words */ = {
			isa = PBXGroup;
			children = (
				B09691C5260249AE00E6609D /* AppDelegate.swift */,
				B09691C7260249AE00E6609D /* SceneDelegate.swift */,
				B09691CE260249B000E6609D /* Assets.xcassets */,
				B0D315A42602B73100311CF5 /* Localizable.strings */,
				B0D3159E2602B6E800311CF5 /* Extension */,
				B0D3156A2602717E00311CF5 /* BUSINESS */,
				B0D3154F26026E6C00311CF5 /* MVVM */,
				B09691D3260249B000E6609D /* Info.plist */,
				B0D315602602711300311CF5 /* DataFiles */,
			);
			path = Words;
			sourceTree = "<group>";
		};
		B09691DB260249B000E6609D /* WordsTests */ = {
			isa = PBXGroup;
			children = (
				B0D3158826027AB200311CF5 /* FileLoaderTests.swift */,
				B0D3159326027CD800311CF5 /* FileViewModelTests.swift */,
				B09691DE260249B000E6609D /* Info.plist */,
			);
			path = WordsTests;
			sourceTree = "<group>";
		};
		B09691E6260249B000E6609D /* WordsUITests */ = {
			isa = PBXGroup;
			children = (
				B09691E7260249B000E6609D /* WordsUITests.swift */,
				B09691E9260249B000E6609D /* Info.plist */,
			);
			path = WordsUITests;
			sourceTree = "<group>";
		};
		B0D3154F26026E6C00311CF5 /* MVVM */ = {
			isa = PBXGroup;
			children = (
				B0D3157B2602749300311CF5 /* Base */,
				B0D3155026026E7B00311CF5 /* Launch */,
				B0D3155126026E8300311CF5 /* Main */,
			);
			path = MVVM;
			sourceTree = "<group>";
		};
		B0D3155026026E7B00311CF5 /* Launch */ = {
			isa = PBXGroup;
			children = (
				B09691D0260249B000E6609D /* LaunchScreen.storyboard */,
			);
			path = Launch;
			sourceTree = "<group>";
		};
		B0D3155126026E8300311CF5 /* Main */ = {
			isa = PBXGroup;
			children = (
				B0D315752602743400311CF5 /* Model */,
				B0D315742602742C00311CF5 /* View */,
				B0D315732602742600311CF5 /* ViewModel */,
			);
			path = Main;
			sourceTree = "<group>";
		};
		B0D315602602711300311CF5 /* DataFiles */ = {
			isa = PBXGroup;
			children = (
				B0D315622602716300311CF5 /* alice29.txt */,
				B0D315632602716300311CF5 /* Nombres.txt */,
				B0D315612602716300311CF5 /* plrabn12.txt */,
			);
			path = DataFiles;
			sourceTree = "<group>";
		};
		B0D3156A2602717E00311CF5 /* BUSINESS */ = {
			isa = PBXGroup;
			children = (
				B0D3156B260271A100311CF5 /* FileLoader.swift */,
			);
			path = BUSINESS;
			sourceTree = "<group>";
		};
		B0D315732602742600311CF5 /* ViewModel */ = {
			isa = PBXGroup;
			children = (
				B0D315762602744700311CF5 /* FileViewModel.swift */,
			);
			path = ViewModel;
			sourceTree = "<group>";
		};
		B0D315742602742C00311CF5 /* View */ = {
			isa = PBXGroup;
			children = (
				B09691CB260249AE00E6609D /* Main.storyboard */,
				B09691C9260249AE00E6609D /* ViewController.swift */,
			);
			path = View;
			sourceTree = "<group>";
		};
		B0D315752602743400311CF5 /* Model */ = {
			isa = PBXGroup;
			children = (
			);
			path = Model;
			sourceTree = "<group>";
		};
		B0D3157B2602749300311CF5 /* Base */ = {
			isa = PBXGroup;
			children = (
				B0D3157C260274A000311CF5 /* ViewModelProtocol.swift */,
			);
			path = Base;
			sourceTree = "<group>";
		};
		B0D3159E2602B6E800311CF5 /* Extension */ = {
			isa = PBXGroup;
			children = (
				B0D3159F2602B71A00311CF5 /* StringExtension.swift */,
			);
			path = Extension;
			sourceTree = "<group>";
		};
/* End PBXGroup section */

/* Begin PBXNativeTarget section */
		B09691C1260249AE00E6609D /* Words */ = {
			isa = PBXNativeTarget;
			buildConfigurationList = B09691EC260249B000E6609D /* Build configuration list for PBXNativeTarget "Words" */;
			buildPhases = (
				B09691BE260249AE00E6609D /* Sources */,
				B09691BF260249AE00E6609D /* Frameworks */,
				B09691C0260249AE00E6609D /* Resources */,
			);
			buildRules = (
			);
			dependencies = (
			);
			name = Words;
			packageProductDependencies = (
				B0D3155626026EBF00311CF5 /* RxSwift */,
				B0D3155826026EBF00311CF5 /* RxCocoa */,
			);
			productName = Words;
			productReference = B09691C2260249AE00E6609D /* Words.app */;
			productType = "com.apple.product-type.application";
		};
		B09691D7260249B000E6609D /* WordsTests */ = {
			isa = PBXNativeTarget;
			buildConfigurationList = B09691EF260249B000E6609D /* Build configuration list for PBXNativeTarget "WordsTests" */;
			buildPhases = (
				B09691D4260249B000E6609D /* Sources */,
				B09691D5260249B000E6609D /* Frameworks */,
				B09691D6260249B000E6609D /* Resources */,
			);
			buildRules = (
			);
			dependencies = (
				B09691DA260249B000E6609D /* PBXTargetDependency */,
			);
			name = WordsTests;
			productName = WordsTests;
			productReference = B09691D8260249B000E6609D /* WordsTests.xctest */;
			productType = "com.apple.product-type.bundle.unit-test";
		};
		B09691E2260249B000E6609D /* WordsUITests */ = {
			isa = PBXNativeTarget;
			buildConfigurationList = B09691F2260249B000E6609D /* Build configuration list for PBXNativeTarget "WordsUITests" */;
			buildPhases = (
				B09691DF260249B000E6609D /* Sources */,
				B09691E0260249B000E6609D /* Frameworks */,
				B09691E1260249B000E6609D /* Resources */,
			);
			buildRules = (
			);
			dependencies = (
				B09691E5260249B000E6609D /* PBXTargetDependency */,
			);
			name = WordsUITests;
			productName = WordsUITests;
			productReference = B09691E3260249B000E6609D /* WordsUITests.xctest */;
			productType = "com.apple.product-type.bundle.ui-testing";
		};
/* End PBXNativeTarget section */

/* Begin PBXProject section */
		B09691BA260249AE00E6609D /* Project object */ = {
			isa = PBXProject;
			attributes = {
				LastSwiftUpdateCheck = 1240;
				LastUpgradeCheck = 1240;
				TargetAttributes = {
					B09691C1260249AE00E6609D = {
						CreatedOnToolsVersion = 12.4;
					};
					B09691D7260249B000E6609D = {
						CreatedOnToolsVersion = 12.4;
						TestTargetID = B09691C1260249AE00E6609D;
					};
					B09691E2260249B000E6609D = {
						CreatedOnToolsVersion = 12.4;
						TestTargetID = B09691C1260249AE00E6609D;
					};
				};
			};
			buildConfigurationList = B09691BD260249AE00E6609D /* Build configuration list for PBXProject "Words" */;
			compatibilityVersion = "Xcode 9.3";
			developmentRegion = en;
			hasScannedForEncodings = 0;
			knownRegions = (
				en,
				Base,
			);
			mainGroup = B09691B9260249AE00E6609D;
			packageReferences = (
				B0D3155526026EBF00311CF5 /* XCRemoteSwiftPackageReference "RxSwift" */,
			);
			productRefGroup = B09691C3260249AE00E6609D /* Products */;
			projectDirPath = "";
			projectRoot = "";
			targets = (
				B09691C1260249AE00E6609D /* Words */,
				B09691D7260249B000E6609D /* WordsTests */,
				B09691E2260249B000E6609D /* WordsUITests */,
			);
		};
/* End PBXProject section */

/* Begin PBXResourcesBuildPhase section */
		B09691C0260249AE00E6609D /* Resources */ = {
			isa = PBXResourcesBuildPhase;
			buildActionMask = 2147483647;
			files = (
				B0D315642602716300311CF5 /* plrabn12.txt in Resources */,
				B0D315662602716300311CF5 /* Nombres.txt in Resources */,
				B09691D2260249B000E6609D /* LaunchScreen.storyboard in Resources */,
				B0D315A52602B73100311CF5 /* Localizable.strings in Resources */,
				B09691CF260249B000E6609D /* Assets.xcassets in Resources */,
				B0D315652602716300311CF5 /* alice29.txt in Resources */,
				B09691CD260249AE00E6609D /* Main.storyboard in Resources */,
			);
			runOnlyForDeploymentPostprocessing = 0;
		};
		B09691D6260249B000E6609D /* Resources */ = {
			isa = PBXResourcesBuildPhase;
			buildActionMask = 2147483647;
			files = (
			);
			runOnlyForDeploymentPostprocessing = 0;
		};
		B09691E1260249B000E6609D /* Resources */ = {
			isa = PBXResourcesBuildPhase;
			buildActionMask = 2147483647;
			files = (
			);
			runOnlyForDeploymentPostprocessing = 0;
		};
/* End PBXResourcesBuildPhase section */

/* Begin PBXSourcesBuildPhase section */
		B09691BE260249AE00E6609D /* Sources */ = {
			isa = PBXSourcesBuildPhase;
			buildActionMask = 2147483647;
			files = (
				B09691CA260249AE00E6609D /* ViewController.swift in Sources */,
				B0D315A02602B71A00311CF5 /* StringExtension.swift in Sources */,
				B0D315772602744700311CF5 /* FileViewModel.swift in Sources */,
				B0D3157D260274A000311CF5 /* ViewModelProtocol.swift in Sources */,
				B09691C6260249AE00E6609D /* AppDelegate.swift in Sources */,
				B0D3156C260271A100311CF5 /* FileLoader.swift in Sources */,
				B09691C8260249AE00E6609D /* SceneDelegate.swift in Sources */,
			);
			runOnlyForDeploymentPostprocessing = 0;
		};
		B09691D4260249B000E6609D /* Sources */ = {
			isa = PBXSourcesBuildPhase;
			buildActionMask = 2147483647;
			files = (
				B0D3159426027CD800311CF5 /* FileViewModelTests.swift in Sources */,
				B0D3158926027AB200311CF5 /* FileLoaderTests.swift in Sources */,
			);
			runOnlyForDeploymentPostprocessing = 0;
		};
		B09691DF260249B000E6609D /* Sources */ = {
			isa = PBXSourcesBuildPhase;
			buildActionMask = 2147483647;
			files = (
				B09691E8260249B000E6609D /* WordsUITests.swift in Sources */,
			);
			runOnlyForDeploymentPostprocessing = 0;
		};
/* End PBXSourcesBuildPhase section */

/* Begin PBXTargetDependency section */
		B09691DA260249B000E6609D /* PBXTargetDependency */ = {
			isa = PBXTargetDependency;
			target = B09691C1260249AE00E6609D /* Words */;
			targetProxy = B09691D9260249B000E6609D /* PBXContainerItemProxy */;
		};
		B09691E5260249B000E6609D /* PBXTargetDependency */ = {
			isa = PBXTargetDependency;
			target = B09691C1260249AE00E6609D /* Words */;
			targetProxy = B09691E4260249B000E6609D /* PBXContainerItemProxy */;
		};
/* End PBXTargetDependency section */

/* Begin PBXVariantGroup section */
		B09691CB260249AE00E6609D /* Main.storyboard */ = {
			isa = PBXVariantGroup;
			children = (
				B09691CC260249AE00E6609D /* Base */,
			);
			name = Main.storyboard;
			sourceTree = "<group>";
		};
		B09691D0260249B000E6609D /* LaunchScreen.storyboard */ = {
			isa = PBXVariantGroup;
			children = (
				B09691D1260249B000E6609D /* Base */,
			);
			name = LaunchScreen.storyboard;
			sourceTree = "<group>";
		};
/* End PBXVariantGroup section */

/* Begin XCBuildConfiguration section */
		B09691EA260249B000E6609D /* Debug */ = {
			isa = XCBuildConfiguration;
			buildSettings = {
				ALWAYS_SEARCH_USER_PATHS = NO;
				CLANG_ANALYZER_NONNULL = YES;
				CLANG_ANALYZER_NUMBER_OBJECT_CONVERSION = YES_AGGRESSIVE;
				CLANG_CXX_LANGUAGE_STANDARD = "gnu++14";
				CLANG_CXX_LIBRARY = "libc++";
				CLANG_ENABLE_MODULES = YES;
				CLANG_ENABLE_OBJC_ARC = YES;
				CLANG_ENABLE_OBJC_WEAK = YES;
				CLANG_WARN_BLOCK_CAPTURE_AUTORELEASING = YES;
				CLANG_WARN_BOOL_CONVERSION = YES;
				CLANG_WARN_COMMA = YES;
				CLANG_WARN_CONSTANT_CONVERSION = YES;
				CLANG_WARN_DEPRECATED_OBJC_IMPLEMENTATIONS = YES;
				CLANG_WARN_DIRECT_OBJC_ISA_USAGE = YES_ERROR;
				CLANG_WARN_DOCUMENTATION_COMMENTS = YES;
				CLANG_WARN_EMPTY_BODY = YES;
				CLANG_WARN_ENUM_CONVERSION = YES;
				CLANG_WARN_INFINITE_RECURSION = YES;
				CLANG_WARN_INT_CONVERSION = YES;
				CLANG_WARN_NON_LITERAL_NULL_CONVERSION = YES;
				CLANG_WARN_OBJC_IMPLICIT_RETAIN_SELF = YES;
				CLANG_WARN_OBJC_LITERAL_CONVERSION = YES;
				CLANG_WARN_OBJC_ROOT_CLASS = YES_ERROR;
				CLANG_WARN_QUOTED_INCLUDE_IN_FRAMEWORK_HEADER = YES;
				CLANG_WARN_RANGE_LOOP_ANALYSIS = YES;
				CLANG_WARN_STRICT_PROTOTYPES = YES;
				CLANG_WARN_SUSPICIOUS_MOVE = YES;
				CLANG_WARN_UNGUARDED_AVAILABILITY = YES_AGGRESSIVE;
				CLANG_WARN_UNREACHABLE_CODE = YES;
				CLANG_WARN__DUPLICATE_METHOD_MATCH = YES;
				COPY_PHASE_STRIP = NO;
				DEBUG_INFORMATION_FORMAT = dwarf;
				ENABLE_STRICT_OBJC_MSGSEND = YES;
				ENABLE_TESTABILITY = YES;
				GCC_C_LANGUAGE_STANDARD = gnu11;
				GCC_DYNAMIC_NO_PIC = NO;
				GCC_NO_COMMON_BLOCKS = YES;
				GCC_OPTIMIZATION_LEVEL = 0;
				GCC_PREPROCESSOR_DEFINITIONS = (
					"DEBUG=1",
					"$(inherited)",
				);
				GCC_WARN_64_TO_32_BIT_CONVERSION = YES;
				GCC_WARN_ABOUT_RETURN_TYPE = YES_ERROR;
				GCC_WARN_UNDECLARED_SELECTOR = YES;
				GCC_WARN_UNINITIALIZED_AUTOS = YES_AGGRESSIVE;
				GCC_WARN_UNUSED_FUNCTION = YES;
				GCC_WARN_UNUSED_VARIABLE = YES;
				IPHONEOS_DEPLOYMENT_TARGET = 14.4;
				MTL_ENABLE_DEBUG_INFO = INCLUDE_SOURCE;
				MTL_FAST_MATH = YES;
				ONLY_ACTIVE_ARCH = YES;
				SDKROOT = iphoneos;
				SWIFT_ACTIVE_COMPILATION_CONDITIONS = DEBUG;
				SWIFT_OPTIMIZATION_LEVEL = "-Onone";
			};
			name = Debug;
		};
		B09691EB260249B000E6609D /* Release */ = {
			isa = XCBuildConfiguration;
			buildSettings = {
				ALWAYS_SEARCH_USER_PATHS = NO;
				CLANG_ANALYZER_NONNULL = YES;
				CLANG_ANALYZER_NUMBER_OBJECT_CONVERSION = YES_AGGRESSIVE;
				CLANG_CXX_LANGUAGE_STANDARD = "gnu++14";
				CLANG_CXX_LIBRARY = "libc++";
				CLANG_ENABLE_MODULES = YES;
				CLANG_ENABLE_OBJC_ARC = YES;
				CLANG_ENABLE_OBJC_WEAK = YES;
				CLANG_WARN_BLOCK_CAPTURE_AUTORELEASING = YES;
				CLANG_WARN_BOOL_CONVERSION = YES;
				CLANG_WARN_COMMA = YES;
				CLANG_WARN_CONSTANT_CONVERSION = YES;
				CLANG_WARN_DEPRECATED_OBJC_IMPLEMENTATIONS = YES;
				CLANG_WARN_DIRECT_OBJC_ISA_USAGE = YES_ERROR;
				CLANG_WARN_DOCUMENTATION_COMMENTS = YES;
				CLANG_WARN_EMPTY_BODY = YES;
				CLANG_WARN_ENUM_CONVERSION = YES;
				CLANG_WARN_INFINITE_RECURSION = YES;
				CLANG_WARN_INT_CONVERSION = YES;
				CLANG_WARN_NON_LITERAL_NULL_CONVERSION = YES;
				CLANG_WARN_OBJC_IMPLICIT_RETAIN_SELF = YES;
				CLANG_WARN_OBJC_LITERAL_CONVERSION = YES;
				CLANG_WARN_OBJC_ROOT_CLASS = YES_ERROR;
				CLANG_WARN_QUOTED_INCLUDE_IN_FRAMEWORK_HEADER = YES;
				CLANG_WARN_RANGE_LOOP_ANALYSIS = YES;
				CLANG_WARN_STRICT_PROTOTYPES = YES;
				CLANG_WARN_SUSPICIOUS_MOVE = YES;
				CLANG_WARN_UNGUARDED_AVAILABILITY = YES_AGGRESSIVE;
				CLANG_WARN_UNREACHABLE_CODE = YES;
				CLANG_WARN__DUPLICATE_METHOD_MATCH = YES;
				COPY_PHASE_STRIP = NO;
				DEBUG_INFORMATION_FORMAT = "dwarf-with-dsym";
				ENABLE_NS_ASSERTIONS = NO;
				ENABLE_STRICT_OBJC_MSGSEND = YES;
				GCC_C_LANGUAGE_STANDARD = gnu11;
				GCC_NO_COMMON_BLOCKS = YES;
				GCC_WARN_64_TO_32_BIT_CONVERSION = YES;
				GCC_WARN_ABOUT_RETURN_TYPE = YES_ERROR;
				GCC_WARN_UNDECLARED_SELECTOR = YES;
				GCC_WARN_UNINITIALIZED_AUTOS = YES_AGGRESSIVE;
				GCC_WARN_UNUSED_FUNCTION = YES;
				GCC_WARN_UNUSED_VARIABLE = YES;
				IPHONEOS_DEPLOYMENT_TARGET = 14.4;
				MTL_ENABLE_DEBUG_INFO = NO;
				MTL_FAST_MATH = YES;
				SDKROOT = iphoneos;
				SWIFT_COMPILATION_MODE = wholemodule;
				SWIFT_OPTIMIZATION_LEVEL = "-O";
				VALIDATE_PRODUCT = YES;
			};
			name = Release;
		};
		B09691ED260249B000E6609D /* Debug */ = {
			isa = XCBuildConfiguration;
			buildSettings = {
				ASSETCATALOG_COMPILER_APPICON_NAME = AppIcon;
				ASSETCATALOG_COMPILER_GLOBAL_ACCENT_COLOR_NAME = AccentColor;
				CODE_SIGN_STYLE = Automatic;
				DEVELOPMENT_TEAM = DMNQ92FDZQ;
				INFOPLIST_FILE = Words/Info.plist;
				LD_RUNPATH_SEARCH_PATHS = (
					"$(inherited)",
					"@executable_path/Frameworks",
				);
				PRODUCT_BUNDLE_IDENTIFIER = ccaceres.Words;
				PRODUCT_NAME = "$(TARGET_NAME)";
				SWIFT_VERSION = 5.0;
				TARGETED_DEVICE_FAMILY = "1,2";
			};
			name = Debug;
		};
		B09691EE260249B000E6609D /* Release */ = {
			isa = XCBuildConfiguration;
			buildSettings = {
				ASSETCATALOG_COMPILER_APPICON_NAME = AppIcon;
				ASSETCATALOG_COMPILER_GLOBAL_ACCENT_COLOR_NAME = AccentColor;
				CODE_SIGN_STYLE = Automatic;
				DEVELOPMENT_TEAM = DMNQ92FDZQ;
				INFOPLIST_FILE = Words/Info.plist;
				LD_RUNPATH_SEARCH_PATHS = (
					"$(inherited)",
					"@executable_path/Frameworks",
				);
				PRODUCT_BUNDLE_IDENTIFIER = ccaceres.Words;
				PRODUCT_NAME = "$(TARGET_NAME)";
				SWIFT_VERSION = 5.0;
				TARGETED_DEVICE_FAMILY = "1,2";
			};
			name = Release;
		};
		B09691F0260249B000E6609D /* Debug */ = {
			isa = XCBuildConfiguration;
			buildSettings = {
				ALWAYS_EMBED_SWIFT_STANDARD_LIBRARIES = YES;
				BUNDLE_LOADER = "$(TEST_HOST)";
				CODE_SIGN_STYLE = Automatic;
				DEVELOPMENT_TEAM = DMNQ92FDZQ;
				INFOPLIST_FILE = WordsTests/Info.plist;
				IPHONEOS_DEPLOYMENT_TARGET = 14.4;
				LD_RUNPATH_SEARCH_PATHS = (
					"$(inherited)",
					"@executable_path/Frameworks",
					"@loader_path/Frameworks",
				);
				PRODUCT_BUNDLE_IDENTIFIER = ccaceres.WordsTests;
				PRODUCT_NAME = "$(TARGET_NAME)";
				SWIFT_VERSION = 5.0;
				TARGETED_DEVICE_FAMILY = "1,2";
				TEST_HOST = "$(BUILT_PRODUCTS_DIR)/Words.app/Words";
			};
			name = Debug;
		};
		B09691F1260249B000E6609D /* Release */ = {
			isa = XCBuildConfiguration;
			buildSettings = {
				ALWAYS_EMBED_SWIFT_STANDARD_LIBRARIES = YES;
				BUNDLE_LOADER = "$(TEST_HOST)";
				CODE_SIGN_STYLE = Automatic;
				DEVELOPMENT_TEAM = DMNQ92FDZQ;
				INFOPLIST_FILE = WordsTests/Info.plist;
				IPHONEOS_DEPLOYMENT_TARGET = 14.4;
				LD_RUNPATH_SEARCH_PATHS = (
					"$(inherited)",
					"@executable_path/Frameworks",
					"@loader_path/Frameworks",
				);
				PRODUCT_BUNDLE_IDENTIFIER = ccaceres.WordsTests;
				PRODUCT_NAME = "$(TARGET_NAME)";
				SWIFT_VERSION = 5.0;
				TARGETED_DEVICE_FAMILY = "1,2";
				TEST_HOST = "$(BUILT_PRODUCTS_DIR)/Words.app/Words";
			};
			name = Release;
		};
		B09691F3260249B000E6609D /* Debug */ = {
			isa = XCBuildConfiguration;
			buildSettings = {
				ALWAYS_EMBED_SWIFT_STANDARD_LIBRARIES = YES;
				CODE_SIGN_STYLE = Automatic;
				DEVELOPMENT_TEAM = DMNQ92FDZQ;
				INFOPLIST_FILE = WordsUITests/Info.plist;
				LD_RUNPATH_SEARCH_PATHS = (
					"$(inherited)",
					"@executable_path/Frameworks",
					"@loader_path/Frameworks",
				);
				PRODUCT_BUNDLE_IDENTIFIER = ccaceres.WordsUITests;
				PRODUCT_NAME = "$(TARGET_NAME)";
				SWIFT_VERSION = 5.0;
				TARGETED_DEVICE_FAMILY = "1,2";
				TEST_TARGET_NAME = Words;
			};
			name = Debug;
		};
		B09691F4260249B000E6609D /* Release */ = {
			isa = XCBuildConfiguration;
			buildSettings = {
				ALWAYS_EMBED_SWIFT_STANDARD_LIBRARIES = YES;
				CODE_SIGN_STYLE = Automatic;
				DEVELOPMENT_TEAM = DMNQ92FDZQ;
				INFOPLIST_FILE = WordsUITests/Info.plist;
				LD_RUNPATH_SEARCH_PATHS = (
					"$(inherited)",
					"@executable_path/Frameworks",
					"@loader_path/Frameworks",
				);
				PRODUCT_BUNDLE_IDENTIFIER = ccaceres.WordsUITests;
				PRODUCT_NAME = "$(TARGET_NAME)";
				SWIFT_VERSION = 5.0;
				TARGETED_DEVICE_FAMILY = "1,2";
				TEST_TARGET_NAME = Words;
			};
			name = Release;
		};
/* End XCBuildConfiguration section */

/* Begin XCConfigurationList section */
		B09691BD260249AE00E6609D /* Build configuration list for PBXProject "Words" */ = {
			isa = XCConfigurationList;
			buildConfigurations = (
				B09691EA260249B000E6609D /* Debug */,
				B09691EB260249B000E6609D /* Release */,
			);
			defaultConfigurationIsVisible = 0;
			defaultConfigurationName = Release;
		};
		B09691EC260249B000E6609D /* Build configuration list for PBXNativeTarget "Words" */ = {
			isa = XCConfigurationList;
			buildConfigurations = (
				B09691ED260249B000E6609D /* Debug */,
				B09691EE260249B000E6609D /* Release */,
			);
			defaultConfigurationIsVisible = 0;
			defaultConfigurationName = Release;
		};
		B09691EF260249B000E6609D /* Build configuration list for PBXNativeTarget "WordsTests" */ = {
			isa = XCConfigurationList;
			buildConfigurations = (
				B09691F0260249B000E6609D /* Debug */,
				B09691F1260249B000E6609D /* Release */,
			);
			defaultConfigurationIsVisible = 0;
			defaultConfigurationName = Release;
		};
		B09691F2260249B000E6609D /* Build configuration list for PBXNativeTarget "WordsUITests" */ = {
			isa = XCConfigurationList;
			buildConfigurations = (
				B09691F3260249B000E6609D /* Debug */,
				B09691F4260249B000E6609D /* Release */,
			);
			defaultConfigurationIsVisible = 0;
			defaultConfigurationName = Release;
		};
/* End XCConfigurationList section */

/* Begin XCRemoteSwiftPackageReference section */
		B0D3155526026EBF00311CF5 /* XCRemoteSwiftPackageReference "RxSwift" */ = {
			isa = XCRemoteSwiftPackageReference;
			repositoryURL = "https://github.com/ReactiveX/RxSwift.git";
			requirement = {
				kind = upToNextMajorVersion;
				minimumVersion = 6.1.0;
			};
		};
/* End XCRemoteSwiftPackageReference section */

/* Begin XCSwiftPackageProductDependency section */
		B0D3155626026EBF00311CF5 /* RxSwift */ = {
			isa = XCSwiftPackageProductDependency;
			package = B0D3155526026EBF00311CF5 /* XCRemoteSwiftPackageReference "RxSwift" */;
			productName = RxSwift;
		};
		B0D3155826026EBF00311CF5 /* RxCocoa */ = {
			isa = XCSwiftPackageProductDependency;
			package = B0D3155526026EBF00311CF5 /* XCRemoteSwiftPackageReference "RxSwift" */;
			productName = RxCocoa;
		};
/* End XCSwiftPackageProductDependency section */
	};
	rootObject = B09691BA260249AE00E6609D /* Project object */;
}
